
Microsoft Visual Studio Solution File, Format Version 12.00
# Visual Studio 2012
Project("{FAE04EC0-301F-11D3-BF4B-00C04F79EFBC}") = "ZenMake", "ZenMake\ZenMake.csproj", "{8451A34B-8511-487C-AD9C-92CCF9285F58}"
EndProject
Project("{FAE04EC0-301F-11D3-BF4B-00C04F79EFBC}") = "ZenMake.App", "ZenMake.App\ZenMake.App.csproj", "{2553F205-7FEA-4570-8397-772A19128289}"
EndProject
Global
	GlobalSection(SolutionConfigurationPlatforms) = preSolution
		Debug|Any CPU = Debug|Any CPU
		Release|Any CPU = Release|Any CPU
	EndGlobalSection
	GlobalSection(ProjectConfigurationPlatforms) = postSolution
		{8451A34B-8511-487C-AD9C-92CCF9285F58}.Debug|Any CPU.ActiveCfg = Debug|Any CPU
		{8451A34B-8511-487C-AD9C-92CCF9285F58}.Debug|Any CPU.Build.0 = Debug|Any CPU
		{8451A34B-8511-487C-AD9C-92CCF9285F58}.Release|Any CPU.ActiveCfg = Release|Any CPU
		{8451A34B-8511-487C-AD9C-92CCF9285F58}.Release|Any CPU.Build.0 = Release|Any CPU
		{2553F205-7FEA-4570-8397-772A19128289}.Debug|Any CPU.ActiveCfg = Debug|Any CPU
		{2553F205-7FEA-4570-8397-772A19128289}.Debug|Any CPU.Build.0 = Debug|Any CPU
		{2553F205-7FEA-4570-8397-772A19128289}.Release|Any CPU.ActiveCfg = Release|Any CPU
		{2553F205-7FEA-4570-8397-772A19128289}.Release|Any CPU.Build.0 = Release|Any CPU
	EndGlobalSection
	GlobalSection(SolutionProperties) = preSolution
		HideSolutionNode = FALSE
	EndGlobalSection
EndGlobal
